
Microsoft Visual Studio Solution File, Format Version 12.00
# Visual Studio Version 16
VisualStudioVersion = 16.0.31025.194
MinimumVisualStudioVersion = 10.0.40219.1
Project("{FAE04EC0-301F-11D3-BF4B-00C04F79EFBC}") = "ASM_NguyenThanhduong", "ASM_NguyenThanhduong\ASM_NguyenThanhduong.csproj", "{647EF849-0F4D-4B47-BBE6-96C6C5EEA8E4}"
EndProject
Global
	GlobalSection(SolutionConfigurationPlatforms) = preSolution
		Debug|Any CPU = Debug|Any CPU
		Release|Any CPU = Release|Any CPU
	EndGlobalSection
	GlobalSection(ProjectConfigurationPlatforms) = postSolution
		{647EF849-0F4D-4B47-BBE6-96C6C5EEA8E4}.Debug|Any CPU.ActiveCfg = Debug|Any CPU
		{647EF849-0F4D-4B47-BBE6-96C6C5EEA8E4}.Debug|Any CPU.Build.0 = Debug|Any CPU
		{647EF849-0F4D-4B47-BBE6-96C6C5EEA8E4}.Release|Any CPU.ActiveCfg = Release|Any CPU
		{647EF849-0F4D-4B47-BBE6-96C6C5EEA8E4}.Release|Any CPU.Build.0 = Release|Any CPU
	EndGlobalSection
	GlobalSection(SolutionProperties) = preSolution
		HideSolutionNode = FALSE
	EndGlobalSection
	GlobalSection(ExtensibilityGlobals) = postSolution
		SolutionGuid = {B2D7C402-4AEB-4070-84D5-43256CA8D047}
	EndGlobalSection
EndGlobal
